
Microsoft Visual Studio Solution File, Format Version 12.00
# Visual Studio Version 17
VisualStudioVersion = 17.10.35122.118
MinimumVisualStudioVersion = 10.0.40219.1
Project("{FAE04EC0-301F-11D3-BF4B-00C04F79EFBC}") = "navelsan", "navelsan\navelsan.csproj", "{98A91A8C-B932-478B-983D-09194834A7CA}"
EndProject
Global
	GlobalSection(SolutionConfigurationPlatforms) = preSolution
		Debug|Any CPU = Debug|Any CPU
		Release|Any CPU = Release|Any CPU
	EndGlobalSection
	GlobalSection(ProjectConfigurationPlatforms) = postSolution
		{98A91A8C-B932-478B-983D-09194834A7CA}.Debug|Any CPU.ActiveCfg = Debug|Any CPU
		{98A91A8C-B932-478B-983D-09194834A7CA}.Debug|Any CPU.Build.0 = Debug|Any CPU
		{98A91A8C-B932-478B-983D-09194834A7CA}.Release|Any CPU.ActiveCfg = Release|Any CPU
		{98A91A8C-B932-478B-983D-09194834A7CA}.Release|Any CPU.Build.0 = Release|Any CPU
	EndGlobalSection
	GlobalSection(SolutionProperties) = preSolution
		HideSolutionNode = FALSE
	EndGlobalSection
	GlobalSection(ExtensibilityGlobals) = postSolution
		SolutionGuid = {629C736C-9EE9-4187-A311-B49A33DA1402}
	EndGlobalSection
EndGlobal
